// !$*UTF8*$!
{
	archiveVersion = 1;
	classes = {
	};
	objectVersion = 77;
	objects = {

/* Begin PBXBuildFile section */
		253B6CA72E462E300048EE0F /* DequeModule in Frameworks */ = {isa = PBXBuildFile; productRef = 253B6CA62E462E300048EE0F /* DequeModule */; };
		253B6CA92E462E610048EE0F /* DequeModule in Frameworks */ = {isa = PBXBuildFile; productRef = 253B6CA82E462E610048EE0F /* DequeModule */; };
/* End PBXBuildFile section */

/* Begin PBXContainerItemProxy section */
		254449492E4722050081DE36 /* PBXContainerItemProxy */ = {
			isa = PBXContainerItemProxy;
			containerPortal = 25B08F122E1422C100BB39AF /* Project object */;
			proxyType = 1;
			remoteGlobalIDString = 25B08F3F2E1422C400BB39AF;
			remoteInfo = "Gameboy macOS";
		};
/* End PBXContainerItemProxy section */

/* Begin PBXFileReference section */
		254449452E4722050081DE36 /* GameboyTests.xctest */ = {isa = PBXFileReference; explicitFileType = wrapper.cfbundle; includeInIndex = 0; path = GameboyTests.xctest; sourceTree = BUILT_PRODUCTS_DIR; };
		25B08F1F2E1422C400BB39AF /* Gameboy.app */ = {isa = PBXFileReference; explicitFileType = wrapper.application; includeInIndex = 0; path = Gameboy.app; sourceTree = BUILT_PRODUCTS_DIR; };
		25B08F302E1422C400BB39AF /* Gameboy.app */ = {isa = PBXFileReference; explicitFileType = wrapper.application; includeInIndex = 0; path = Gameboy.app; sourceTree = BUILT_PRODUCTS_DIR; };
		25B08F402E1422C400BB39AF /* Gameboy.app */ = {isa = PBXFileReference; explicitFileType = wrapper.application; includeInIndex = 0; path = Gameboy.app; sourceTree = BUILT_PRODUCTS_DIR; };
/* End PBXFileReference section */

/* Begin PBXFileSystemSynchronizedBuildFileExceptionSet section */
		25444A722E49E58D0081DE36 /* Exceptions for "Gameboy Shared" folder in "GameboyTests" target */ = {
			isa = PBXFileSystemSynchronizedBuildFileExceptionSet;
			membershipExceptions = (
				Emulator/Graphics/FrameBuffer.swift,
				Emulator/Graphics/PixelFetcher.swift,
			);
			target = 254449442E4722050081DE36 /* GameboyTests */;
		};
		25B08F562E1422C400BB39AF /* Exceptions for "Gameboy Shared" folder in "Gameboy iOS" target */ = {
			isa = PBXFileSystemSynchronizedBuildFileExceptionSet;
			membershipExceptions = (
				Assets.xcassets,
				Emulator/Cartridge/Cartridge.swift,
				Emulator/Cartridge/MemoryBankController.swift,
				Emulator/CPU/ALU.swift,
				Emulator/CPU/CPU.swift,
				Emulator/CPU/Instructions/Instruction.swift,
				"Emulator/CPU/Instructions/Instruction+Helper.swift",
				Emulator/CPU/Interrupt.swift,
				Emulator/CPU/Register.swift,
				Emulator/Device/Device.swift,
				"Emulator/Device/Device+KeyEvent.swift",
				Emulator/Device/IORegisters.swift,
				Emulator/Emulator.swift,
				Emulator/Graphics/FrameBuffer.swift,
				Emulator/Graphics/PixelData.swift,
				Emulator/Graphics/PixelFetcher.swift,
				Emulator/Graphics/PPU.swift,
				Extension/BitAccessible.swift,
				Extension/BitTestable.swift,
				"Extension/Bool+Extension.swift",
				"Extension/Collection+Extension.swift",
				"Extension/UInt8+Extension.swift",
				Renderer.swift,
				"Roms/01-special.gb",
				"Roms/02-interrupts.gb",
				"Roms/03-op sp,hl.gb",
				"Roms/04-op r,imm.gb",
				"Roms/05-op rp.gb",
				"Roms/06-ld r,r.gb",
				"Roms/07-jr,jp,call,ret,rst.gb",
				"Roms/08-misc instrs.gb",
				"Roms/09-op r,r.gb",
				"Roms/10-bit ops.gb",
				"Roms/11-op a,(hl).gb",
				Roms/cpu_instrs.gb,
				Roms/dmg_boot.bin,
				Roms/instr_timing.gb,
				"Roms/Kirby's Dream Land (USA, Europe).gb",
				"Roms/Kirby's Dream Land 2.gb",
				Roms/opus5.gb,
				Roms/testris.gb,
				Roms/Tetris.gb,
				Shaders.metal,
			);
			target = 25B08F1E2E1422C400BB39AF /* Gameboy iOS */;
		};
		25B08F5B2E1422C400BB39AF /* Exceptions for "Gameboy Shared" folder in "Gameboy tvOS" target */ = {
			isa = PBXFileSystemSynchronizedBuildFileExceptionSet;
			membershipExceptions = (
				Assets.xcassets,
				GBMetalKitView.swift,
				Renderer.swift,
				"Roms/01-special.gb",
				"Roms/02-interrupts.gb",
				"Roms/03-op sp,hl.gb",
				"Roms/04-op r,imm.gb",
				"Roms/05-op rp.gb",
				"Roms/06-ld r,r.gb",
				"Roms/07-jr,jp,call,ret,rst.gb",
				"Roms/08-misc instrs.gb",
				"Roms/09-op r,r.gb",
				"Roms/10-bit ops.gb",
				"Roms/11-op a,(hl).gb",
				Roms/cpu_instrs.gb,
				Roms/dmg_boot.bin,
				Roms/instr_timing.gb,
				"Roms/Kirby's Dream Land (USA, Europe).gb",
				"Roms/Kirby's Dream Land 2.gb",
				Roms/opus5.gb,
				Roms/testris.gb,
				Roms/Tetris.gb,
				Shaders.metal,
			);
			target = 25B08F2F2E1422C400BB39AF /* Gameboy tvOS */;
		};
		25B08F602E1422C400BB39AF /* Exceptions for "Gameboy Shared" folder in "Gameboy macOS" target */ = {
			isa = PBXFileSystemSynchronizedBuildFileExceptionSet;
			membershipExceptions = (
				Assets.xcassets,
				Emulator/Cartridge/Cartridge.swift,
				Emulator/Cartridge/MemoryBankController.swift,
				Emulator/CPU/ALU.swift,
				Emulator/CPU/CPU.swift,
				Emulator/CPU/Instructions/Instruction.swift,
				"Emulator/CPU/Instructions/Instruction+Helper.swift",
				Emulator/CPU/Interrupt.swift,
				Emulator/CPU/Register.swift,
				Emulator/Device/Device.swift,
				"Emulator/Device/Device+KeyEvent.swift",
				Emulator/Device/IORegisters.swift,
				Emulator/Emulator.swift,
				Emulator/Graphics/FrameBuffer.swift,
				Emulator/Graphics/PixelData.swift,
				Emulator/Graphics/PixelFetcher.swift,
				Emulator/Graphics/PPU.swift,
				Extension/BitAccessible.swift,
				Extension/BitTestable.swift,
				"Extension/Bool+Extension.swift",
				"Extension/Collection+Extension.swift",
				"Extension/UInt8+Extension.swift",
				GBMetalKitView.swift,
				Renderer.swift,
				"Roms/01-special.gb",
				"Roms/02-interrupts.gb",
				"Roms/03-op sp,hl.gb",
				"Roms/04-op r,imm.gb",
				"Roms/05-op rp.gb",
				"Roms/06-ld r,r.gb",
				"Roms/07-jr,jp,call,ret,rst.gb",
				"Roms/08-misc instrs.gb",
				"Roms/09-op r,r.gb",
				"Roms/10-bit ops.gb",
				"Roms/11-op a,(hl).gb",
				Roms/cpu_instrs.gb,
				Roms/dmg_boot.bin,
				Roms/instr_timing.gb,
				"Roms/Kirby's Dream Land (USA, Europe).gb",
				"Roms/Kirby's Dream Land 2.gb",
				Roms/opus5.gb,
				Roms/testris.gb,
				Roms/Tetris.gb,
				Shaders.metal,
			);
			target = 25B08F3F2E1422C400BB39AF /* Gameboy macOS */;
		};
/* End PBXFileSystemSynchronizedBuildFileExceptionSet section */

/* Begin PBXFileSystemSynchronizedGroupBuildPhaseMembershipExceptionSet section */
		25B08F5A2E1422C400BB39AF /* Exceptions for "Gameboy Shared" folder in "Copy Bundle Resources" phase from "Gameboy iOS" target */ = {
			isa = PBXFileSystemSynchronizedGroupBuildPhaseMembershipExceptionSet;
			buildPhase = 25B08F1D2E1422C400BB39AF /* Resources */;
			membershipExceptions = (
				ShaderTypes.h,
			);
		};
		25B08F5F2E1422C400BB39AF /* Exceptions for "Gameboy Shared" folder in "Copy Bundle Resources" phase from "Gameboy tvOS" target */ = {
			isa = PBXFileSystemSynchronizedGroupBuildPhaseMembershipExceptionSet;
			buildPhase = 25B08F2E2E1422C400BB39AF /* Resources */;
			membershipExceptions = (
				ShaderTypes.h,
			);
		};
		25B08F642E1422C400BB39AF /* Exceptions for "Gameboy Shared" folder in "Copy Bundle Resources" phase from "Gameboy macOS" target */ = {
			isa = PBXFileSystemSynchronizedGroupBuildPhaseMembershipExceptionSet;
			buildPhase = 25B08F3E2E1422C400BB39AF /* Resources */;
			membershipExceptions = (
				ShaderTypes.h,
			);
		};
/* End PBXFileSystemSynchronizedGroupBuildPhaseMembershipExceptionSet section */

/* Begin PBXFileSystemSynchronizedRootGroup section */
		254449462E4722050081DE36 /* GameboyTests */ = {
			isa = PBXFileSystemSynchronizedRootGroup;
			path = GameboyTests;
			sourceTree = "<group>";
		};
		25B08F162E1422C100BB39AF /* Gameboy Shared */ = {
			isa = PBXFileSystemSynchronizedRootGroup;
			exceptions = (
				25B08F562E1422C400BB39AF /* Exceptions for "Gameboy Shared" folder in "Gameboy iOS" target */,
				25B08F5A2E1422C400BB39AF /* Exceptions for "Gameboy Shared" folder in "Copy Bundle Resources" phase from "Gameboy iOS" target */,
				25B08F5B2E1422C400BB39AF /* Exceptions for "Gameboy Shared" folder in "Gameboy tvOS" target */,
				25B08F5F2E1422C400BB39AF /* Exceptions for "Gameboy Shared" folder in "Copy Bundle Resources" phase from "Gameboy tvOS" target */,
				25B08F602E1422C400BB39AF /* Exceptions for "Gameboy Shared" folder in "Gameboy macOS" target */,
				25B08F642E1422C400BB39AF /* Exceptions for "Gameboy Shared" folder in "Copy Bundle Resources" phase from "Gameboy macOS" target */,
				25444A722E49E58D0081DE36 /* Exceptions for "Gameboy Shared" folder in "GameboyTests" target */,
			);
			path = "Gameboy Shared";
			sourceTree = "<group>";
		};
		25B08F212E1422C400BB39AF /* Gameboy iOS */ = {
			isa = PBXFileSystemSynchronizedRootGroup;
			path = "Gameboy iOS";
			sourceTree = "<group>";
		};
		25B08F312E1422C400BB39AF /* Gameboy tvOS */ = {
			isa = PBXFileSystemSynchronizedRootGroup;
			path = "Gameboy tvOS";
			sourceTree = "<group>";
		};
		25B08F412E1422C400BB39AF /* Gameboy macOS */ = {
			isa = PBXFileSystemSynchronizedRootGroup;
			path = "Gameboy macOS";
			sourceTree = "<group>";
		};
/* End PBXFileSystemSynchronizedRootGroup section */

/* Begin PBXFrameworksBuildPhase section */
		254449422E4722050081DE36 /* Frameworks */ = {
			isa = PBXFrameworksBuildPhase;
			buildActionMask = 2147483647;
			files = (
			);
			runOnlyForDeploymentPostprocessing = 0;
		};
		25B08F1C2E1422C400BB39AF /* Frameworks */ = {
			isa = PBXFrameworksBuildPhase;
			buildActionMask = 2147483647;
			files = (
				253B6CA92E462E610048EE0F /* DequeModule in Frameworks */,
			);
			runOnlyForDeploymentPostprocessing = 0;
		};
		25B08F2D2E1422C400BB39AF /* Frameworks */ = {
			isa = PBXFrameworksBuildPhase;
			buildActionMask = 2147483647;
			files = (
			);
			runOnlyForDeploymentPostprocessing = 0;
		};
		25B08F3D2E1422C400BB39AF /* Frameworks */ = {
			isa = PBXFrameworksBuildPhase;
			buildActionMask = 2147483647;
			files = (
				253B6CA72E462E300048EE0F /* DequeModule in Frameworks */,
			);
			runOnlyForDeploymentPostprocessing = 0;
		};
/* End PBXFrameworksBuildPhase section */

/* Begin PBXGroup section */
		25B08F112E1422C100BB39AF = {
			isa = PBXGroup;
			children = (
				25B08F162E1422C100BB39AF /* Gameboy Shared */,
				25B08F212E1422C400BB39AF /* Gameboy iOS */,
				25B08F312E1422C400BB39AF /* Gameboy tvOS */,
				25B08F412E1422C400BB39AF /* Gameboy macOS */,
				254449462E4722050081DE36 /* GameboyTests */,
				25B08F202E1422C400BB39AF /* Products */,
			);
			sourceTree = "<group>";
		};
		25B08F202E1422C400BB39AF /* Products */ = {
			isa = PBXGroup;
			children = (
				25B08F1F2E1422C400BB39AF /* Gameboy.app */,
				25B08F302E1422C400BB39AF /* Gameboy.app */,
				25B08F402E1422C400BB39AF /* Gameboy.app */,
				254449452E4722050081DE36 /* GameboyTests.xctest */,
			);
			name = Products;
			sourceTree = "<group>";
		};
/* End PBXGroup section */

/* Begin PBXNativeTarget section */
		254449442E4722050081DE36 /* GameboyTests */ = {
			isa = PBXNativeTarget;
			buildConfigurationList = 2544494B2E4722050081DE36 /* Build configuration list for PBXNativeTarget "GameboyTests" */;
			buildPhases = (
				254449412E4722050081DE36 /* Sources */,
				254449422E4722050081DE36 /* Frameworks */,
				254449432E4722050081DE36 /* Resources */,
			);
			buildRules = (
			);
			dependencies = (
				2544494A2E4722050081DE36 /* PBXTargetDependency */,
			);
			fileSystemSynchronizedGroups = (
				254449462E4722050081DE36 /* GameboyTests */,
			);
			name = GameboyTests;
			packageProductDependencies = (
			);
			productName = GameboyTests;
			productReference = 254449452E4722050081DE36 /* GameboyTests.xctest */;
			productType = "com.apple.product-type.bundle.unit-test";
		};
		25B08F1E2E1422C400BB39AF /* Gameboy iOS */ = {
			isa = PBXNativeTarget;
			buildConfigurationList = 25B08F572E1422C400BB39AF /* Build configuration list for PBXNativeTarget "Gameboy iOS" */;
			buildPhases = (
				25B08F1B2E1422C400BB39AF /* Sources */,
				25B08F1C2E1422C400BB39AF /* Frameworks */,
				25B08F1D2E1422C400BB39AF /* Resources */,
			);
			buildRules = (
			);
			dependencies = (
			);
			fileSystemSynchronizedGroups = (
				25B08F212E1422C400BB39AF /* Gameboy iOS */,
			);
			name = "Gameboy iOS";
			packageProductDependencies = (
				253B6CA82E462E610048EE0F /* DequeModule */,
			);
			productName = "Gameboy iOS";
			productReference = 25B08F1F2E1422C400BB39AF /* Gameboy.app */;
			productType = "com.apple.product-type.application";
		};
		25B08F2F2E1422C400BB39AF /* Gameboy tvOS */ = {
			isa = PBXNativeTarget;
			buildConfigurationList = 25B08F5C2E1422C400BB39AF /* Build configuration list for PBXNativeTarget "Gameboy tvOS" */;
			buildPhases = (
				25B08F2C2E1422C400BB39AF /* Sources */,
				25B08F2D2E1422C400BB39AF /* Frameworks */,
				25B08F2E2E1422C400BB39AF /* Resources */,
			);
			buildRules = (
			);
			dependencies = (
			);
			fileSystemSynchronizedGroups = (
				25B08F312E1422C400BB39AF /* Gameboy tvOS */,
			);
			name = "Gameboy tvOS";
			packageProductDependencies = (
			);
			productName = "Gameboy tvOS";
			productReference = 25B08F302E1422C400BB39AF /* Gameboy.app */;
			productType = "com.apple.product-type.application";
		};
		25B08F3F2E1422C400BB39AF /* Gameboy macOS */ = {
			isa = PBXNativeTarget;
			buildConfigurationList = 25B08F612E1422C400BB39AF /* Build configuration list for PBXNativeTarget "Gameboy macOS" */;
			buildPhases = (
				25B08F3C2E1422C400BB39AF /* Sources */,
				25B08F3D2E1422C400BB39AF /* Frameworks */,
				25B08F3E2E1422C400BB39AF /* Resources */,
			);
			buildRules = (
			);
			dependencies = (
			);
			fileSystemSynchronizedGroups = (
				25B08F412E1422C400BB39AF /* Gameboy macOS */,
			);
			name = "Gameboy macOS";
			packageProductDependencies = (
				253B6CA62E462E300048EE0F /* DequeModule */,
			);
			productName = "Gameboy macOS";
			productReference = 25B08F402E1422C400BB39AF /* Gameboy.app */;
			productType = "com.apple.product-type.application";
		};
/* End PBXNativeTarget section */

/* Begin PBXProject section */
		25B08F122E1422C100BB39AF /* Project object */ = {
			isa = PBXProject;
			attributes = {
				BuildIndependentTargetsInParallel = 1;
				LastSwiftUpdateCheck = 1640;
				LastUpgradeCheck = 1620;
				TargetAttributes = {
					254449442E4722050081DE36 = {
						CreatedOnToolsVersion = 16.4;
						TestTargetID = 25B08F3F2E1422C400BB39AF;
					};
					25B08F1E2E1422C400BB39AF = {
						CreatedOnToolsVersion = 16.2;
					};
					25B08F2F2E1422C400BB39AF = {
						CreatedOnToolsVersion = 16.2;
					};
					25B08F3F2E1422C400BB39AF = {
						CreatedOnToolsVersion = 16.2;
					};
				};
			};
			buildConfigurationList = 25B08F152E1422C100BB39AF /* Build configuration list for PBXProject "Gameboy" */;
			developmentRegion = en;
			hasScannedForEncodings = 0;
			knownRegions = (
				en,
				Base,
			);
			mainGroup = 25B08F112E1422C100BB39AF;
			minimizedProjectReferenceProxies = 1;
			packageReferences = (
				253B6CA52E462E300048EE0F /* XCRemoteSwiftPackageReference "swift-collections" */,
			);
			preferredProjectObjectVersion = 77;
			productRefGroup = 25B08F202E1422C400BB39AF /* Products */;
			projectDirPath = "";
			projectRoot = "";
			targets = (
				25B08F1E2E1422C400BB39AF /* Gameboy iOS */,
				25B08F2F2E1422C400BB39AF /* Gameboy tvOS */,
				25B08F3F2E1422C400BB39AF /* Gameboy macOS */,
				254449442E4722050081DE36 /* GameboyTests */,
			);
		};
/* End PBXProject section */

/* Begin PBXResourcesBuildPhase section */
		254449432E4722050081DE36 /* Resources */ = {
			isa = PBXResourcesBuildPhase;
			buildActionMask = 2147483647;
			files = (
			);
			runOnlyForDeploymentPostprocessing = 0;
		};
		25B08F1D2E1422C400BB39AF /* Resources */ = {
			isa = PBXResourcesBuildPhase;
			buildActionMask = 2147483647;
			files = (
			);
			runOnlyForDeploymentPostprocessing = 0;
		};
		25B08F2E2E1422C400BB39AF /* Resources */ = {
			isa = PBXResourcesBuildPhase;
			buildActionMask = 2147483647;
			files = (
			);
			runOnlyForDeploymentPostprocessing = 0;
		};
		25B08F3E2E1422C400BB39AF /* Resources */ = {
			isa = PBXResourcesBuildPhase;
			buildActionMask = 2147483647;
			files = (
			);
			runOnlyForDeploymentPostprocessing = 0;
		};
/* End PBXResourcesBuildPhase section */

/* Begin PBXSourcesBuildPhase section */
		254449412E4722050081DE36 /* Sources */ = {
			isa = PBXSourcesBuildPhase;
			buildActionMask = 2147483647;
			files = (
			);
			runOnlyForDeploymentPostprocessing = 0;
		};
		25B08F1B2E1422C400BB39AF /* Sources */ = {
			isa = PBXSourcesBuildPhase;
			buildActionMask = 2147483647;
			files = (
			);
			runOnlyForDeploymentPostprocessing = 0;
		};
		25B08F2C2E1422C400BB39AF /* Sources */ = {
			isa = PBXSourcesBuildPhase;
			buildActionMask = 2147483647;
			files = (
			);
			runOnlyForDeploymentPostprocessing = 0;
		};
		25B08F3C2E1422C400BB39AF /* Sources */ = {
			isa = PBXSourcesBuildPhase;
			buildActionMask = 2147483647;
			files = (
			);
			runOnlyForDeploymentPostprocessing = 0;
		};
/* End PBXSourcesBuildPhase section */

/* Begin PBXTargetDependency section */
		2544494A2E4722050081DE36 /* PBXTargetDependency */ = {
			isa = PBXTargetDependency;
			target = 25B08F3F2E1422C400BB39AF /* Gameboy macOS */;
			targetProxy = 254449492E4722050081DE36 /* PBXContainerItemProxy */;
		};
/* End PBXTargetDependency section */

/* Begin XCBuildConfiguration section */
		2544494C2E4722050081DE36 /* Debug */ = {
			isa = XCBuildConfiguration;
			buildSettings = {
				BUNDLE_LOADER = "$(TEST_HOST)";
				CODE_SIGN_STYLE = Automatic;
				CURRENT_PROJECT_VERSION = 1;
				DEVELOPMENT_TEAM = B724F5GJBF;
				GENERATE_INFOPLIST_FILE = YES;
				IPHONEOS_DEPLOYMENT_TARGET = 18.5;
				MACOSX_DEPLOYMENT_TARGET = 15.5;
				MARKETING_VERSION = 1.0;
				PRODUCT_BUNDLE_IDENTIFIER = com.wittawin.GameboyTests;
				PRODUCT_NAME = "$(TARGET_NAME)";
				SDKROOT = auto;
				SUPPORTED_PLATFORMS = "iphoneos iphonesimulator macosx xros xrsimulator";
				SWIFT_EMIT_LOC_STRINGS = NO;
				SWIFT_VERSION = 5.0;
				TARGETED_DEVICE_FAMILY = "1,2,7";
				TEST_HOST = "$(BUILT_PRODUCTS_DIR)/Gameboy.app/$(BUNDLE_EXECUTABLE_FOLDER_PATH)/Gameboy";
				XROS_DEPLOYMENT_TARGET = 2.5;
			};
			name = Debug;
		};
		2544494D2E4722050081DE36 /* Release */ = {
			isa = XCBuildConfiguration;
			buildSettings = {
				BUNDLE_LOADER = "$(TEST_HOST)";
				CODE_SIGN_STYLE = Automatic;
				CURRENT_PROJECT_VERSION = 1;
				DEVELOPMENT_TEAM = B724F5GJBF;
				GENERATE_INFOPLIST_FILE = YES;
				IPHONEOS_DEPLOYMENT_TARGET = 18.5;
				MACOSX_DEPLOYMENT_TARGET = 15.5;
				MARKETING_VERSION = 1.0;
				PRODUCT_BUNDLE_IDENTIFIER = com.wittawin.GameboyTests;
				PRODUCT_NAME = "$(TARGET_NAME)";
				SDKROOT = auto;
				SUPPORTED_PLATFORMS = "iphoneos iphonesimulator macosx xros xrsimulator";
				SWIFT_EMIT_LOC_STRINGS = NO;
				SWIFT_VERSION = 5.0;
				TARGETED_DEVICE_FAMILY = "1,2,7";
				TEST_HOST = "$(BUILT_PRODUCTS_DIR)/Gameboy.app/$(BUNDLE_EXECUTABLE_FOLDER_PATH)/Gameboy";
				XROS_DEPLOYMENT_TARGET = 2.5;
			};
			name = Release;
		};
		25B08F582E1422C400BB39AF /* Debug */ = {
			isa = XCBuildConfiguration;
			buildSettings = {
				ASSETCATALOG_COMPILER_APPICON_NAME = AppIcon;
				ASSETCATALOG_COMPILER_GLOBAL_ACCENT_COLOR_NAME = AccentColor;
				CODE_SIGN_STYLE = Automatic;
				CURRENT_PROJECT_VERSION = 1;
				DEVELOPMENT_TEAM = B724F5GJBF;
				GENERATE_INFOPLIST_FILE = YES;
				INFOPLIST_KEY_UIApplicationSupportsIndirectInputEvents = YES;
				INFOPLIST_KEY_UILaunchStoryboardName = LaunchScreen;
				INFOPLIST_KEY_UIMainStoryboardFile = Main;
				INFOPLIST_KEY_UIStatusBarHidden = YES;
				INFOPLIST_KEY_UISupportedInterfaceOrientations_iPad = "UIInterfaceOrientationPortrait UIInterfaceOrientationPortraitUpsideDown UIInterfaceOrientationLandscapeLeft UIInterfaceOrientationLandscapeRight";
				INFOPLIST_KEY_UISupportedInterfaceOrientations_iPhone = "UIInterfaceOrientationPortrait UIInterfaceOrientationLandscapeLeft UIInterfaceOrientationLandscapeRight";
				IPHONEOS_DEPLOYMENT_TARGET = 18.2;
				LD_RUNPATH_SEARCH_PATHS = (
					"$(inherited)",
					"@executable_path/Frameworks",
				);
				MARKETING_VERSION = 1.0;
				PRODUCT_BUNDLE_IDENTIFIER = com.wittawin.Gameboy;
				PRODUCT_NAME = Gameboy;
				SDKROOT = iphoneos;
				SWIFT_EMIT_LOC_STRINGS = YES;
				SWIFT_OBJC_BRIDGING_HEADER = "Gameboy Shared/ShaderTypes.h";
				SWIFT_VERSION = 5.0;
				TARGETED_DEVICE_FAMILY = "1,2";
			};
			name = Debug;
		};
		25B08F592E1422C400BB39AF /* Release */ = {
			isa = XCBuildConfiguration;
			buildSettings = {
				ASSETCATALOG_COMPILER_APPICON_NAME = AppIcon;
				ASSETCATALOG_COMPILER_GLOBAL_ACCENT_COLOR_NAME = AccentColor;
				CODE_SIGN_STYLE = Automatic;
				CURRENT_PROJECT_VERSION = 1;
				DEVELOPMENT_TEAM = B724F5GJBF;
				GENERATE_INFOPLIST_FILE = YES;
				INFOPLIST_KEY_UIApplicationSupportsIndirectInputEvents = YES;
				INFOPLIST_KEY_UILaunchStoryboardName = LaunchScreen;
				INFOPLIST_KEY_UIMainStoryboardFile = Main;
				INFOPLIST_KEY_UIStatusBarHidden = YES;
				INFOPLIST_KEY_UISupportedInterfaceOrientations_iPad = "UIInterfaceOrientationPortrait UIInterfaceOrientationPortraitUpsideDown UIInterfaceOrientationLandscapeLeft UIInterfaceOrientationLandscapeRight";
				INFOPLIST_KEY_UISupportedInterfaceOrientations_iPhone = "UIInterfaceOrientationPortrait UIInterfaceOrientationLandscapeLeft UIInterfaceOrientationLandscapeRight";
				IPHONEOS_DEPLOYMENT_TARGET = 18.2;
				LD_RUNPATH_SEARCH_PATHS = (
					"$(inherited)",
					"@executable_path/Frameworks",
				);
				MARKETING_VERSION = 1.0;
				PRODUCT_BUNDLE_IDENTIFIER = com.wittawin.Gameboy;
				PRODUCT_NAME = Gameboy;
				SDKROOT = iphoneos;
				SWIFT_EMIT_LOC_STRINGS = YES;
				SWIFT_OBJC_BRIDGING_HEADER = "Gameboy Shared/ShaderTypes.h";
				SWIFT_VERSION = 5.0;
				TARGETED_DEVICE_FAMILY = "1,2";
				VALIDATE_PRODUCT = YES;
			};
			name = Release;
		};
		25B08F5D2E1422C400BB39AF /* Debug */ = {
			isa = XCBuildConfiguration;
			buildSettings = {
				ASSETCATALOG_COMPILER_APPICON_NAME = "tvOS App Icon & Top Shelf Image";
				ASSETCATALOG_COMPILER_GLOBAL_ACCENT_COLOR_NAME = AccentColor;
				CODE_SIGN_STYLE = Automatic;
				CURRENT_PROJECT_VERSION = 1;
				DEVELOPMENT_TEAM = B724F5GJBF;
				GENERATE_INFOPLIST_FILE = YES;
				INFOPLIST_KEY_UILaunchStoryboardName = LaunchScreen;
				INFOPLIST_KEY_UIMainStoryboardFile = Main;
				INFOPLIST_KEY_UIUserInterfaceStyle = Automatic;
				LD_RUNPATH_SEARCH_PATHS = (
					"$(inherited)",
					"@executable_path/Frameworks",
				);
				MARKETING_VERSION = 1.0;
				PRODUCT_BUNDLE_IDENTIFIER = com.wittawin.Gameboy;
				PRODUCT_NAME = Gameboy;
				SDKROOT = appletvos;
				SWIFT_EMIT_LOC_STRINGS = YES;
				SWIFT_OBJC_BRIDGING_HEADER = "Gameboy Shared/ShaderTypes.h";
				SWIFT_VERSION = 5.0;
				TARGETED_DEVICE_FAMILY = 3;
				TVOS_DEPLOYMENT_TARGET = 18.2;
			};
			name = Debug;
		};
		25B08F5E2E1422C400BB39AF /* Release */ = {
			isa = XCBuildConfiguration;
			buildSettings = {
				ASSETCATALOG_COMPILER_APPICON_NAME = "tvOS App Icon & Top Shelf Image";
				ASSETCATALOG_COMPILER_GLOBAL_ACCENT_COLOR_NAME = AccentColor;
				CODE_SIGN_STYLE = Automatic;
				CURRENT_PROJECT_VERSION = 1;
				DEVELOPMENT_TEAM = B724F5GJBF;
				GENERATE_INFOPLIST_FILE = YES;
				INFOPLIST_KEY_UILaunchStoryboardName = LaunchScreen;
				INFOPLIST_KEY_UIMainStoryboardFile = Main;
				INFOPLIST_KEY_UIUserInterfaceStyle = Automatic;
				LD_RUNPATH_SEARCH_PATHS = (
					"$(inherited)",
					"@executable_path/Frameworks",
				);
				MARKETING_VERSION = 1.0;
				PRODUCT_BUNDLE_IDENTIFIER = com.wittawin.Gameboy;
				PRODUCT_NAME = Gameboy;
				SDKROOT = appletvos;
				SWIFT_EMIT_LOC_STRINGS = YES;
				SWIFT_OBJC_BRIDGING_HEADER = "Gameboy Shared/ShaderTypes.h";
				SWIFT_VERSION = 5.0;
				TARGETED_DEVICE_FAMILY = 3;
				TVOS_DEPLOYMENT_TARGET = 18.2;
				VALIDATE_PRODUCT = YES;
			};
			name = Release;
		};
		25B08F622E1422C400BB39AF /* Debug */ = {
			isa = XCBuildConfiguration;
			buildSettings = {
				ASSETCATALOG_COMPILER_APPICON_NAME = AppIcon;
				ASSETCATALOG_COMPILER_GLOBAL_ACCENT_COLOR_NAME = AccentColor;
				CODE_SIGN_ENTITLEMENTS = "Gameboy macOS/Gameboy_macOS.entitlements";
				CODE_SIGN_STYLE = Automatic;
				COMBINE_HIDPI_IMAGES = YES;
				CURRENT_PROJECT_VERSION = 1;
				DEVELOPMENT_TEAM = B724F5GJBF;
				ENABLE_HARDENED_RUNTIME = YES;
				GENERATE_INFOPLIST_FILE = YES;
				INFOPLIST_KEY_NSHumanReadableCopyright = "";
				INFOPLIST_KEY_NSMainStoryboardFile = Main;
				INFOPLIST_KEY_NSPrincipalClass = NSApplication;
				LD_RUNPATH_SEARCH_PATHS = (
					"$(inherited)",
					"@executable_path/../Frameworks",
				);
				MACOSX_DEPLOYMENT_TARGET = 15.2;
				MARKETING_VERSION = 1.0;
				PRODUCT_BUNDLE_IDENTIFIER = com.wittawin.Gameboy;
				PRODUCT_NAME = Gameboy;
				SDKROOT = macosx;
				SWIFT_EMIT_LOC_STRINGS = YES;
				SWIFT_OBJC_BRIDGING_HEADER = "Gameboy Shared/ShaderTypes.h";
				SWIFT_VERSION = 5.0;
			};
			name = Debug;
		};
		25B08F632E1422C400BB39AF /* Release */ = {
			isa = XCBuildConfiguration;
			buildSettings = {
				ASSETCATALOG_COMPILER_APPICON_NAME = AppIcon;
				ASSETCATALOG_COMPILER_GLOBAL_ACCENT_COLOR_NAME = AccentColor;
				CODE_SIGN_ENTITLEMENTS = "Gameboy macOS/Gameboy_macOS.entitlements";
				CODE_SIGN_STYLE = Automatic;
				COMBINE_HIDPI_IMAGES = YES;
				CURRENT_PROJECT_VERSION = 1;
				DEVELOPMENT_TEAM = B724F5GJBF;
				ENABLE_HARDENED_RUNTIME = YES;
				GENERATE_INFOPLIST_FILE = YES;
				INFOPLIST_KEY_NSHumanReadableCopyright = "";
				INFOPLIST_KEY_NSMainStoryboardFile = Main;
				INFOPLIST_KEY_NSPrincipalClass = NSApplication;
				LD_RUNPATH_SEARCH_PATHS = (
					"$(inherited)",
					"@executable_path/../Frameworks",
				);
				MACOSX_DEPLOYMENT_TARGET = 15.2;
				MARKETING_VERSION = 1.0;
				PRODUCT_BUNDLE_IDENTIFIER = com.wittawin.Gameboy;
				PRODUCT_NAME = Gameboy;
				SDKROOT = macosx;
				SWIFT_EMIT_LOC_STRINGS = YES;
				SWIFT_OBJC_BRIDGING_HEADER = "Gameboy Shared/ShaderTypes.h";
				SWIFT_VERSION = 5.0;
			};
			name = Release;
		};
		25B08F652E1422C400BB39AF /* Debug */ = {
			isa = XCBuildConfiguration;
			buildSettings = {
				ALWAYS_SEARCH_USER_PATHS = NO;
				ASSETCATALOG_COMPILER_GENERATE_SWIFT_ASSET_SYMBOL_EXTENSIONS = YES;
				CLANG_ANALYZER_NONNULL = YES;
				CLANG_ANALYZER_NUMBER_OBJECT_CONVERSION = YES_AGGRESSIVE;
				CLANG_CXX_LANGUAGE_STANDARD = "gnu++20";
				CLANG_ENABLE_MODULES = YES;
				CLANG_ENABLE_OBJC_ARC = YES;
				CLANG_ENABLE_OBJC_WEAK = YES;
				CLANG_WARN_BLOCK_CAPTURE_AUTORELEASING = YES;
				CLANG_WARN_BOOL_CONVERSION = YES;
				CLANG_WARN_COMMA = YES;
				CLANG_WARN_CONSTANT_CONVERSION = YES;
				CLANG_WARN_DEPRECATED_OBJC_IMPLEMENTATIONS = YES;
				CLANG_WARN_DIRECT_OBJC_ISA_USAGE = YES_ERROR;
				CLANG_WARN_DOCUMENTATION_COMMENTS = YES;
				CLANG_WARN_EMPTY_BODY = YES;
				CLANG_WARN_ENUM_CONVERSION = YES;
				CLANG_WARN_INFINITE_RECURSION = YES;
				CLANG_WARN_INT_CONVERSION = YES;
				CLANG_WARN_NON_LITERAL_NULL_CONVERSION = YES;
				CLANG_WARN_OBJC_IMPLICIT_RETAIN_SELF = YES;
				CLANG_WARN_OBJC_LITERAL_CONVERSION = YES;
				CLANG_WARN_OBJC_ROOT_CLASS = YES_ERROR;
				CLANG_WARN_QUOTED_INCLUDE_IN_FRAMEWORK_HEADER = YES;
				CLANG_WARN_RANGE_LOOP_ANALYSIS = YES;
				CLANG_WARN_STRICT_PROTOTYPES = YES;
				CLANG_WARN_SUSPICIOUS_MOVE = YES;
				CLANG_WARN_UNGUARDED_AVAILABILITY = YES_AGGRESSIVE;
				CLANG_WARN_UNREACHABLE_CODE = YES;
				CLANG_WARN__DUPLICATE_METHOD_MATCH = YES;
				COPY_PHASE_STRIP = NO;
				DEBUG_INFORMATION_FORMAT = dwarf;
				ENABLE_STRICT_OBJC_MSGSEND = YES;
				ENABLE_TESTABILITY = YES;
				ENABLE_USER_SCRIPT_SANDBOXING = YES;
				GCC_C_LANGUAGE_STANDARD = gnu17;
				GCC_DYNAMIC_NO_PIC = NO;
				GCC_NO_COMMON_BLOCKS = YES;
				GCC_OPTIMIZATION_LEVEL = 0;
				GCC_PREPROCESSOR_DEFINITIONS = (
					"DEBUG=1",
					"$(inherited)",
				);
				GCC_WARN_64_TO_32_BIT_CONVERSION = YES;
				GCC_WARN_ABOUT_RETURN_TYPE = YES_ERROR;
				GCC_WARN_UNDECLARED_SELECTOR = YES;
				GCC_WARN_UNINITIALIZED_AUTOS = YES_AGGRESSIVE;
				GCC_WARN_UNUSED_FUNCTION = YES;
				GCC_WARN_UNUSED_VARIABLE = YES;
				LOCALIZATION_PREFERS_STRING_CATALOGS = YES;
				MTL_ENABLE_DEBUG_INFO = INCLUDE_SOURCE;
				MTL_FAST_MATH = YES;
				ONLY_ACTIVE_ARCH = YES;
				SWIFT_ACTIVE_COMPILATION_CONDITIONS = "DEBUG $(inherited)";
				SWIFT_OPTIMIZATION_LEVEL = "-Onone";
			};
			name = Debug;
		};
		25B08F662E1422C400BB39AF /* Release */ = {
			isa = XCBuildConfiguration;
			buildSettings = {
				ALWAYS_SEARCH_USER_PATHS = NO;
				ASSETCATALOG_COMPILER_GENERATE_SWIFT_ASSET_SYMBOL_EXTENSIONS = YES;
				CLANG_ANALYZER_NONNULL = YES;
				CLANG_ANALYZER_NUMBER_OBJECT_CONVERSION = YES_AGGRESSIVE;
				CLANG_CXX_LANGUAGE_STANDARD = "gnu++20";
				CLANG_ENABLE_MODULES = YES;
				CLANG_ENABLE_OBJC_ARC = YES;
				CLANG_ENABLE_OBJC_WEAK = YES;
				CLANG_WARN_BLOCK_CAPTURE_AUTORELEASING = YES;
				CLANG_WARN_BOOL_CONVERSION = YES;
				CLANG_WARN_COMMA = YES;
				CLANG_WARN_CONSTANT_CONVERSION = YES;
				CLANG_WARN_DEPRECATED_OBJC_IMPLEMENTATIONS = YES;
				CLANG_WARN_DIRECT_OBJC_ISA_USAGE = YES_ERROR;
				CLANG_WARN_DOCUMENTATION_COMMENTS = YES;
				CLANG_WARN_EMPTY_BODY = YES;
				CLANG_WARN_ENUM_CONVERSION = YES;
				CLANG_WARN_INFINITE_RECURSION = YES;
				CLANG_WARN_INT_CONVERSION = YES;
				CLANG_WARN_NON_LITERAL_NULL_CONVERSION = YES;
				CLANG_WARN_OBJC_IMPLICIT_RETAIN_SELF = YES;
				CLANG_WARN_OBJC_LITERAL_CONVERSION = YES;
				CLANG_WARN_OBJC_ROOT_CLASS = YES_ERROR;
				CLANG_WARN_QUOTED_INCLUDE_IN_FRAMEWORK_HEADER = YES;
				CLANG_WARN_RANGE_LOOP_ANALYSIS = YES;
				CLANG_WARN_STRICT_PROTOTYPES = YES;
				CLANG_WARN_SUSPICIOUS_MOVE = YES;
				CLANG_WARN_UNGUARDED_AVAILABILITY = YES_AGGRESSIVE;
				CLANG_WARN_UNREACHABLE_CODE = YES;
				CLANG_WARN__DUPLICATE_METHOD_MATCH = YES;
				COPY_PHASE_STRIP = NO;
				DEBUG_INFORMATION_FORMAT = "dwarf-with-dsym";
				ENABLE_NS_ASSERTIONS = NO;
				ENABLE_STRICT_OBJC_MSGSEND = YES;
				ENABLE_USER_SCRIPT_SANDBOXING = YES;
				GCC_C_LANGUAGE_STANDARD = gnu17;
				GCC_NO_COMMON_BLOCKS = YES;
				GCC_WARN_64_TO_32_BIT_CONVERSION = YES;
				GCC_WARN_ABOUT_RETURN_TYPE = YES_ERROR;
				GCC_WARN_UNDECLARED_SELECTOR = YES;
				GCC_WARN_UNINITIALIZED_AUTOS = YES_AGGRESSIVE;
				GCC_WARN_UNUSED_FUNCTION = YES;
				GCC_WARN_UNUSED_VARIABLE = YES;
				LOCALIZATION_PREFERS_STRING_CATALOGS = YES;
				MTL_ENABLE_DEBUG_INFO = NO;
				MTL_FAST_MATH = YES;
				SWIFT_COMPILATION_MODE = wholemodule;
			};
			name = Release;
		};
/* End XCBuildConfiguration section */

/* Begin XCConfigurationList section */
		2544494B2E4722050081DE36 /* Build configuration list for PBXNativeTarget "GameboyTests" */ = {
			isa = XCConfigurationList;
			buildConfigurations = (
				2544494C2E4722050081DE36 /* Debug */,
				2544494D2E4722050081DE36 /* Release */,
			);
			defaultConfigurationIsVisible = 0;
			defaultConfigurationName = Release;
		};
		25B08F152E1422C100BB39AF /* Build configuration list for PBXProject "Gameboy" */ = {
			isa = XCConfigurationList;
			buildConfigurations = (
				25B08F652E1422C400BB39AF /* Debug */,
				25B08F662E1422C400BB39AF /* Release */,
			);
			defaultConfigurationIsVisible = 0;
			defaultConfigurationName = Release;
		};
		25B08F572E1422C400BB39AF /* Build configuration list for PBXNativeTarget "Gameboy iOS" */ = {
			isa = XCConfigurationList;
			buildConfigurations = (
				25B08F582E1422C400BB39AF /* Debug */,
				25B08F592E1422C400BB39AF /* Release */,
			);
			defaultConfigurationIsVisible = 0;
			defaultConfigurationName = Release;
		};
		25B08F5C2E1422C400BB39AF /* Build configuration list for PBXNativeTarget "Gameboy tvOS" */ = {
			isa = XCConfigurationList;
			buildConfigurations = (
				25B08F5D2E1422C400BB39AF /* Debug */,
				25B08F5E2E1422C400BB39AF /* Release */,
			);
			defaultConfigurationIsVisible = 0;
			defaultConfigurationName = Release;
		};
		25B08F612E1422C400BB39AF /* Build configuration list for PBXNativeTarget "Gameboy macOS" */ = {
			isa = XCConfigurationList;
			buildConfigurations = (
				25B08F622E1422C400BB39AF /* Debug */,
				25B08F632E1422C400BB39AF /* Release */,
			);
			defaultConfigurationIsVisible = 0;
			defaultConfigurationName = Release;
		};
/* End XCConfigurationList section */

/* Begin XCRemoteSwiftPackageReference section */
		253B6CA52E462E300048EE0F /* XCRemoteSwiftPackageReference "swift-collections" */ = {
			isa = XCRemoteSwiftPackageReference;
			repositoryURL = "https://github.com/apple/swift-collections.git";
			requirement = {
				kind = upToNextMajorVersion;
				minimumVersion = 1.2.1;
			};
		};
/* End XCRemoteSwiftPackageReference section */

/* Begin XCSwiftPackageProductDependency section */
		253B6CA62E462E300048EE0F /* DequeModule */ = {
			isa = XCSwiftPackageProductDependency;
			package = 253B6CA52E462E300048EE0F /* XCRemoteSwiftPackageReference "swift-collections" */;
			productName = DequeModule;
		};
		253B6CA82E462E610048EE0F /* DequeModule */ = {
			isa = XCSwiftPackageProductDependency;
			package = 253B6CA52E462E300048EE0F /* XCRemoteSwiftPackageReference "swift-collections" */;
			productName = DequeModule;
		};
/* End XCSwiftPackageProductDependency section */
	};
	rootObject = 25B08F122E1422C100BB39AF /* Project object */;
}
